<!-- Copied to the mirror's root as NE.Standard.UI.CodeInput.slnx; its paths only resolve there, not from here. -->
<Solution>
  <Folder Name="/src/">
    <File Path="src/Directory.Build.props" />
    <Project Path="src/NE.Standard.UI.CodeInput/NE.Standard.UI.CodeInput.csproj" />
    <Project Path="src/NE.Standard.UI.Web.CodeInput/NE.Standard.UI.Web.CodeInput.csproj" />
  </Folder>

  <Folder Name="/examples/">
    <Project Path="examples/DemoApp.CodeInput/DemoApp.CodeInput.csproj" />
  </Folder>

  <Folder Name="/solution/">
    <File Path=".editorconfig" />
    <File Path="global.json" />
    <File Path="Directory.Build.props" />
    <File Path=".gitattributes" />
    <File Path=".gitignore" />
    <File Path="LICENSE.md" />
    <File Path="README.md" />
    <File Path="CHANGELOG.md" />
  </Folder>
</Solution>
